<?xml version="1.0" encoding="UTF-8" standalone="yes" ?>
<CodeBlocks_project_file>
	<FileVersion major="1" minor="6" />
	<Project>
		<Option title="bsgui" />
		<Option pch_mode="2" />
		<Option compiler="gcc" />
		<Build>
			<Target title="Debug">
				<Option output="bin\bsgui_d" prefix_auto="1" extension_auto="1" />
				<Option object_output="obj\Debug\" />
				<Option type="3" />
				<Option compiler="gcc" />
				<Option createDefFile="1" />
				<Option createStaticLib="1" />
				<Compiler>
					<Add option="-g" />
				</Compiler>
			</Target>
			<Target title="Release">
				<Option output="bin\bsgui" prefix_auto="1" extension_auto="1" />
				<Option object_output="obj\Release\" />
				<Option type="3" />
				<Option compiler="gcc" />
				<Option createDefFile="1" />
				<Option createStaticLib="1" />
				<Compiler>
					<Add option="-O2" />
				</Compiler>
				<Linker>
					<Add option="-s" />
				</Linker>
			</Target>
			<Target title="Debug Unicode">
				<Option output="bin\bsgui_u_d" prefix_auto="1" extension_auto="1" />
				<Option object_output="obj\Debug_u\" />
				<Option type="3" />
				<Option compiler="gcc" />
				<Option createDefFile="1" />
				<Option createStaticLib="1" />
				<Compiler>
					<Add option="-g" />
					<Add option="-DUNICODE" />
				</Compiler>
			</Target>
			<Target title="Release Unicode">
				<Option output="bin\bsgui_u" prefix_auto="1" extension_auto="1" />
				<Option object_output="obj\Release_u\" />
				<Option type="3" />
				<Option compiler="gcc" />
				<Option createDefFile="1" />
				<Option createStaticLib="1" />
				<Compiler>
					<Add option="-O2" />
					<Add option="-DUNICODE" />
				</Compiler>
				<Linker>
					<Add option="-s" />
				</Linker>
			</Target>
		</Build>
		<Compiler>
			<Add option="-Wall" />
			<Add directory="include" />
			<Add directory="..\tools\SDL-1.2.14\include" />
			<Add directory="..\tools\SDL_image-1.2.10\include" />
			<Add directory="..\tools\SDL-1.2.14\include\SDL" />
		</Compiler>
		<Linker>
			<Add library="SDL" />
			<Add library="..\tools\SDL_image-1.2.10\lib\SDL_image.lib" />
			<Add library="glu32" />
			<Add library="opengl32" />
			<Add directory="..\tools\SDL-1.2.14\lib" />
		</Linker>
		<Unit filename="include\bsgui\actions.h" />
		<Unit filename="include\bsgui\bmfont.h" />
		<Unit filename="include\bsgui\bsgui.h" />
		<Unit filename="include\bsgui\buttons.h" />
		<Unit filename="include\bsgui\checkboxes.h" />
		<Unit filename="include\bsgui\config.h" />
		<Unit filename="include\bsgui\controls.h" />
		<Unit filename="include\bsgui\draw.h" />
		<Unit filename="include\bsgui\filebrowser.h" />
		<Unit filename="include\bsgui\font.h" />
		<Unit filename="include\bsgui\image.h" />
		<Unit filename="include\bsgui\imageopengl.h" />
		<Unit filename="include\bsgui\inputboxes.h" />
		<Unit filename="include\bsgui\labels.h" />
		<Unit filename="include\bsgui\listboxes.h" />
		<Unit filename="include\bsgui\messageboxes.h" />
		<Unit filename="include\bsgui\modelviews.h" />
		<Unit filename="include\bsgui\passwordbox.h" />
		<Unit filename="include\bsgui\progressbars.h" />
		<Unit filename="include\bsgui\renderers.h" />
		<Unit filename="include\bsgui\screen.h" />
		<Unit filename="include\bsgui\scrollboxes.h" />
		<Unit filename="include\bsgui\sliders.h" />
		<Unit filename="include\bsgui\theme.h" />
		<Unit filename="include\bsgui\windows.h" />
		<Unit filename="src\actions.cpp" />
		<Unit filename="src\bitmaps\new.c">
			<Option compilerVar="CC" />
		</Unit>
		<Unit filename="src\bitmaps\open.c">
			<Option compilerVar="CC" />
		</Unit>
		<Unit filename="src\bitmaps\quit.c">
			<Option compilerVar="CC" />
		</Unit>
		<Unit filename="src\bitmaps\save.c">
			<Option compilerVar="CC" />
		</Unit>
		<Unit filename="src\bitmaps\saveas.c">
			<Option compilerVar="CC" />
		</Unit>
		<Unit filename="src\bitmaps\win.c">
			<Option compilerVar="CC" />
		</Unit>
		<Unit filename="src\bmfont.cpp" />
		<Unit filename="src\buttons.cpp" />
		<Unit filename="src\checkboxes.cpp" />
		<Unit filename="src\controls.cpp" />
		<Unit filename="src\draw.cpp" />
		<Unit filename="src\filebrowser.cpp" />
		<Unit filename="src\font.cpp" />
		<Unit filename="src\imageopengl.cpp" />
		<Unit filename="src\inputboxes.cpp" />
		<Unit filename="src\labels.cpp" />
		<Unit filename="src\listboxes.cpp" />
		<Unit filename="src\main.cpp" />
		<Unit filename="src\messageboxes.cpp" />
		<Unit filename="src\modelviews.cpp" />
		<Unit filename="src\passwordbox.cpp" />
		<Unit filename="src\progressbars.cpp" />
		<Unit filename="src\renderers.cpp" />
		<Unit filename="src\screen.cpp" />
		<Unit filename="src\scrollboxes.cpp" />
		<Unit filename="src\sliders.cpp" />
		<Unit filename="src\theme.cpp" />
		<Unit filename="src\windows.cpp" />
		<Extensions>
			<code_completion />
			<debugger />
		</Extensions>
	</Project>
</CodeBlocks_project_file>
