<?xml version="1.0" encoding="UTF-8" standalone="yes" ?>
<CodeBlocks_project_file>
	<FileVersion major="1" minor="6" />
	<Project>
		<Option title="demo" />
		<Option pch_mode="2" />
		<Option compiler="gcc" />
		<Build>
			<Target title="Debug">
				<Option output="bin\Debug\demo" prefix_auto="1" extension_auto="1" />
				<Option object_output="obj\Debug\" />
				<Option type="1" />
				<Option compiler="gcc" />
				<Compiler>
					<Add option="-g" />
				</Compiler>
				<Linker>
					<Add library="..\bin\libbsgui_d.dll.a" />
				</Linker>
			</Target>
			<Target title="Release">
				<Option output="bin\Release\demo" prefix_auto="1" extension_auto="1" />
				<Option object_output="obj\Release\" />
				<Option type="1" />
				<Option compiler="gcc" />
				<Compiler>
					<Add option="-O2" />
				</Compiler>
				<Linker>
					<Add option="-s" />
					<Add library="..\bin\libbsgui.dll.a" />
				</Linker>
			</Target>
		</Build>
		<Compiler>
			<Add option="-Wall" />
			<Add option="-static-libgcc" />
			<Add directory="..\include" />
			<Add directory="..\tools\SDL-1.2.14\include" />
			<Add directory="..\tools\SDL_image-1.2.10\include" />
			<Add directory="..\tools\SDL-1.2.14\include\SDL" />
			<Add directory="..\tools\SDL_image-1.2.10\lib" />
		</Compiler>
		<Linker>
			<Add library="mingw32" />
			<Add library="SDLmain" />
			<Add library="SDL_image" />
			<Add library="SDL" />
			<Add library="glu32" />
			<Add library="opengl32" />
			<Add directory="..\tools\SDL-1.2.14\lib" />
			<Add directory="..\tools\SDL_image-1.2.10\lib" />
		</Linker>
		<Unit filename="demo.cpp" />
		<Extensions>
			<code_completion />
			<debugger />
		</Extensions>
	</Project>
</CodeBlocks_project_file>
